
Microsoft Visual Studio Solution File, Format Version 12.00
# Visual Studio Version 17
VisualStudioVersion = 17.0.32014.148
MinimumVisualStudioVersion = 10.0.40219.1
Project("{FAE04EC0-301F-11D3-BF4B-00C04F79EFBC}") = "DienMayXanh_Store", "DienMayXanh_Store\DienMayXanh_Store.csproj", "{0C5CF06B-2090-4F63-B281-791156D7C767}"
EndProject
Global
	GlobalSection(SolutionConfigurationPlatforms) = preSolution
		Debug|Any CPU = Debug|Any CPU
		Release|Any CPU = Release|Any CPU
	EndGlobalSection
	GlobalSection(ProjectConfigurationPlatforms) = postSolution
		{0C5CF06B-2090-4F63-B281-791156D7C767}.Debug|Any CPU.ActiveCfg = Debug|Any CPU
		{0C5CF06B-2090-4F63-B281-791156D7C767}.Debug|Any CPU.Build.0 = Debug|Any CPU
		{0C5CF06B-2090-4F63-B281-791156D7C767}.Release|Any CPU.ActiveCfg = Release|Any CPU
		{0C5CF06B-2090-4F63-B281-791156D7C767}.Release|Any CPU.Build.0 = Release|Any CPU
	EndGlobalSection
	GlobalSection(SolutionProperties) = preSolution
		HideSolutionNode = FALSE
	EndGlobalSection
	GlobalSection(ExtensibilityGlobals) = postSolution
		SolutionGuid = {00089F20-A671-4C11-AE2F-58DCAC625419}
	EndGlobalSection
EndGlobal
